
Microsoft Visual Studio Solution File, Format Version 12.00
# Visual Studio 2013
VisualStudioVersion = 12.0.21005.1
MinimumVisualStudioVersion = 10.0.40219.1
Project("{159641D6-6404-4A2A-AE62-294DE0FE8301}") = "RQ500Interface", "RQ500Interface\RQ500Interface.dtproj", "{66D8CE1A-9FE9-4A23-AF7C-707A199B47A3}"
EndProject
Global
	GlobalSection(SolutionConfigurationPlatforms) = preSolution
		Development|Default = Development|Default
	EndGlobalSection
	GlobalSection(ProjectConfigurationPlatforms) = postSolution
		{66D8CE1A-9FE9-4A23-AF7C-707A199B47A3}.Development|Default.ActiveCfg = Development
		{66D8CE1A-9FE9-4A23-AF7C-707A199B47A3}.Development|Default.Build.0 = Development
	EndGlobalSection
	GlobalSection(SolutionProperties) = preSolution
		HideSolutionNode = FALSE
	EndGlobalSection
EndGlobal
